
Microsoft Visual Studio Solution File, Format Version 12.00
# Visual Studio Version 17
VisualStudioVersion = 17.8.34330.188
MinimumVisualStudioVersion = 10.0.40219.1
Project("{FAE04EC0-301F-11D3-BF4B-00C04F79EFBC}") = "Common", "Common\Common.csproj", "{BF82A0EE-5CAE-40F0-81A7-B25FE2C2A7B1}"
EndProject
Project("{FAE04EC0-301F-11D3-BF4B-00C04F79EFBC}") = "Infrastructure", "Infrastructure\Infrastructure.csproj", "{8D1F892B-6679-416E-B7FF-536B20BE7C76}"
EndProject
Project("{FAE04EC0-301F-11D3-BF4B-00C04F79EFBC}") = "Web", "Web\Web.csproj", "{BEA2A943-B04C-4B7D-B724-CD0D930D17E2}"
EndProject
Global
	GlobalSection(SolutionConfigurationPlatforms) = preSolution
		Debug|Any CPU = Debug|Any CPU
		Release|Any CPU = Release|Any CPU
	EndGlobalSection
	GlobalSection(ProjectConfigurationPlatforms) = postSolution
		{BF82A0EE-5CAE-40F0-81A7-B25FE2C2A7B1}.Debug|Any CPU.ActiveCfg = Debug|Any CPU
		{BF82A0EE-5CAE-40F0-81A7-B25FE2C2A7B1}.Debug|Any CPU.Build.0 = Debug|Any CPU
		{BF82A0EE-5CAE-40F0-81A7-B25FE2C2A7B1}.Release|Any CPU.ActiveCfg = Release|Any CPU
		{BF82A0EE-5CAE-40F0-81A7-B25FE2C2A7B1}.Release|Any CPU.Build.0 = Release|Any CPU
		{8D1F892B-6679-416E-B7FF-536B20BE7C76}.Debug|Any CPU.ActiveCfg = Debug|Any CPU
		{8D1F892B-6679-416E-B7FF-536B20BE7C76}.Debug|Any CPU.Build.0 = Debug|Any CPU
		{8D1F892B-6679-416E-B7FF-536B20BE7C76}.Release|Any CPU.ActiveCfg = Release|Any CPU
		{8D1F892B-6679-416E-B7FF-536B20BE7C76}.Release|Any CPU.Build.0 = Release|Any CPU
		{BEA2A943-B04C-4B7D-B724-CD0D930D17E2}.Debug|Any CPU.ActiveCfg = Debug|Any CPU
		{BEA2A943-B04C-4B7D-B724-CD0D930D17E2}.Debug|Any CPU.Build.0 = Debug|Any CPU
		{BEA2A943-B04C-4B7D-B724-CD0D930D17E2}.Release|Any CPU.ActiveCfg = Release|Any CPU
		{BEA2A943-B04C-4B7D-B724-CD0D930D17E2}.Release|Any CPU.Build.0 = Release|Any CPU
	EndGlobalSection
	GlobalSection(SolutionProperties) = preSolution
		HideSolutionNode = FALSE
	EndGlobalSection
	GlobalSection(ExtensibilityGlobals) = postSolution
		SolutionGuid = {333C9786-B779-4724-A6FD-BCC3E328BFFB}
	EndGlobalSection
EndGlobal
